
Microsoft Visual Studio Solution File, Format Version 12.00
# Visual Studio Version 17
VisualStudioVersion = 17.7.34031.279
MinimumVisualStudioVersion = 10.0.40219.1
Project("{FAE04EC0-301F-11D3-BF4B-00C04F79EFBC}") = "lab1_2", "lab1_2.csproj", "{BE05D02A-1B87-4001-BBB5-3998C8F9A94E}"
EndProject
Global
	GlobalSection(SolutionConfigurationPlatforms) = preSolution
		Debug|Any CPU = Debug|Any CPU
		Release|Any CPU = Release|Any CPU
	EndGlobalSection
	GlobalSection(ProjectConfigurationPlatforms) = postSolution
		{BE05D02A-1B87-4001-BBB5-3998C8F9A94E}.Debug|Any CPU.ActiveCfg = Debug|Any CPU
		{BE05D02A-1B87-4001-BBB5-3998C8F9A94E}.Debug|Any CPU.Build.0 = Debug|Any CPU
		{BE05D02A-1B87-4001-BBB5-3998C8F9A94E}.Release|Any CPU.ActiveCfg = Release|Any CPU
		{BE05D02A-1B87-4001-BBB5-3998C8F9A94E}.Release|Any CPU.Build.0 = Release|Any CPU
	EndGlobalSection
	GlobalSection(SolutionProperties) = preSolution
		HideSolutionNode = FALSE
	EndGlobalSection
	GlobalSection(ExtensibilityGlobals) = postSolution
		SolutionGuid = {60A009AE-F2F8-463E-BF72-FDDDD5121E04}
	EndGlobalSection
EndGlobal
